{
    "_readme": [
        "This file locks the dependencies of your project to a known state",
        "Read more about it at https://getcomposer.org/doc/01-basic-usage.md#installing-dependencies",
        "This file is @generated automatically"
    ],
    "content-hash": "2b94ec74196366920f4f8714552f803d",
    "packages": [
        {
            "name": "adhocore/json-comment",
            "version": "0.1.0",
            "source": {
                "type": "git",
                "url": "https://github.com/adhocore/php-json-comment.git",
                "reference": "8448076039389f558f39ad0553aab87db3f81614"
            },
            "dist": {
                "type": "zip",
                "url": "https://api.github.com/repos/adhocore/php-json-comment/zipball/8448076039389f558f39ad0553aab87db3f81614",
                "reference": "8448076039389f558f39ad0553aab87db3f81614",
                "shasum": ""
            },
            "require": {
                "php": ">=5.4"
            },
            "require-dev": {
                "phpunit/phpunit": "^6.5 || ^7.5"
            },
            "type": "library",
            "autoload": {
                "psr-4": {
                    "Ahc\\Json\\": "src/"
                }
            },
            "notification-url": "https://packagist.org/downloads/",
            "license": [
                "MIT"
            ],
            "authors": [
                {
                    "name": "Jitendra Adhikari",
                    "email": "jiten.adhikary@gmail.com"
                }
            ],
            "description": "Lightweight JSON comment stripper library for PHP",
            "keywords": [
                "comment",
                "json",
                "strip-comment"
            ],
            "time": "2020-01-03T13:51:23+00:00"
        },
        {
            "name": "fgrosse/phpasn1",
            "version": "2.1.x-dev",
            "source": {
                "type": "git",
                "url": "https://github.com/fgrosse/PHPASN1.git",
                "reference": "734e1a94dfb292199f4f285be99a5645ea66fb58"
            },
            "dist": {
                "type": "zip",
                "url": "https://api.github.com/repos/fgrosse/PHPASN1/zipball/734e1a94dfb292199f4f285be99a5645ea66fb58",
                "reference": "734e1a94dfb292199f4f285be99a5645ea66fb58",
                "shasum": ""
            },
            "require": {
                "php": ">=7.0.0"
            },
            "require-dev": {
                "phpunit/phpunit": "~6.3",
                "satooshi/php-coveralls": "~2.0"
            },
            "suggest": {
                "ext-gmp": "GMP is the preferred extension for big integer calculations",
                "php-curl": "For loading OID information from the web if they have not bee defined statically"
            },
            "type": "library",
            "extra": {
                "branch-alias": {
                    "dev-master": "2.0.x-dev"
                }
            },
            "autoload": {
                "psr-4": {
                    "FG\\": "lib/"
                }
            },
            "notification-url": "https://packagist.org/downloads/",
            "license": [
                "MIT"
            ],
            "authors": [
                {
                    "name": "Friedrich Große",
                    "email": "friedrich.grosse@gmail.com",
                    "homepage": "https://github.com/FGrosse",
                    "role": "Author"
                },
                {
                    "name": "All contributors",
                    "homepage": "https://github.com/FGrosse/PHPASN1/contributors"
                }
            ],
            "description": "A PHP Framework that allows you to encode and decode arbitrary ASN.1 structures using the ITU-T X.690 Encoding Rules.",
            "homepage": "https://github.com/FGrosse/PHPASN1",
            "keywords": [
                "DER",
                "asn.1",
                "asn1",
                "ber",
                "binary",
                "decoding",
                "encoding",
                "x.509",
                "x.690",
                "x509",
                "x690"
            ],
            "time": "2018-03-31T08:32:19+00:00"
        },
        {
            "name": "mdanter/ecc",
            "version": "v0.5.2",
            "source": {
                "type": "git",
                "url": "https://github.com/phpecc/phpecc.git",
                "reference": "b95f25cc1bacc83a9f0ccd375900b7cfd343029e"
            },
            "dist": {
                "type": "zip",
                "url": "https://api.github.com/repos/phpecc/phpecc/zipball/b95f25cc1bacc83a9f0ccd375900b7cfd343029e",
                "reference": "b95f25cc1bacc83a9f0ccd375900b7cfd343029e",
                "shasum": ""
            },
            "require": {
                "ext-gmp": "*",
                "fgrosse/phpasn1": "^2.0",
                "php": "^7.0"
            },
            "require-dev": {
                "phpunit/phpunit": "^6.0",
                "squizlabs/php_codesniffer": "^2.0",
                "symfony/yaml": "^2.6|^3.0"
            },
            "type": "library",
            "autoload": {
                "psr-4": {
                    "Mdanter\\Ecc\\": "src/"
                }
            },
            "notification-url": "https://packagist.org/downloads/",
            "license": [
                "MIT"
            ],
            "authors": [
                {
                    "name": "Matyas Danter",
                    "homepage": "http://matejdanter.com/",
                    "role": "Author"
                },
                {
                    "name": "Thibaud Fabre",
                    "email": "thibaud@aztech.io",
                    "homepage": "http://aztech.io",
                    "role": "Maintainer"
                },
                {
                    "name": "Thomas Kerin",
                    "email": "afk11@users.noreply.github.com",
                    "role": "Maintainer"
                }
            ],
            "description": "PHP Elliptic Curve Cryptography library",
            "homepage": "https://github.com/phpecc/phpecc",
            "keywords": [
                "Diffie",
                "ECDSA",
                "Hellman",
                "curve",
                "ecdh",
                "elliptic",
                "nistp192",
                "nistp224",
                "nistp256",
                "nistp384",
                "nistp521",
                "phpecc",
                "secp256k1",
                "secp256r1"
            ],
            "time": "2018-12-03T18:17:01+00:00"
        },
        {
            "name": "netresearch/jsonmapper",
            "version": "v2.1.0",
            "source": {
                "type": "git",
                "url": "https://github.com/cweiske/jsonmapper.git",
                "reference": "e0f1e33a71587aca81be5cffbb9746510e1fe04e"
            },
            "dist": {
                "type": "zip",
                "url": "https://api.github.com/repos/cweiske/jsonmapper/zipball/e0f1e33a71587aca81be5cffbb9746510e1fe04e",
                "reference": "e0f1e33a71587aca81be5cffbb9746510e1fe04e",
                "shasum": ""
            },
            "require": {
                "ext-json": "*",
                "ext-pcre": "*",
                "ext-reflection": "*",
                "ext-spl": "*",
                "php": ">=5.6"
            },
            "require-dev": {
                "phpunit/phpunit": "~4.8.35 || ~5.7 || ~6.4 || ~7.0",
                "squizlabs/php_codesniffer": "~3.5"
            },
            "type": "library",
            "autoload": {
                "psr-0": {
                    "JsonMapper": "src/"
                }
            },
            "notification-url": "https://packagist.org/downloads/",
            "license": [
                "OSL-3.0"
            ],
            "authors": [
                {
                    "name": "Christian Weiske",
                    "email": "cweiske@cweiske.de",
                    "homepage": "http://github.com/cweiske/jsonmapper/",
                    "role": "Developer"
                }
            ],
            "description": "Map nested JSON structures onto PHP classes",
            "time": "2020-04-16T18:48:43+00:00"
        },
        {
            "name": "ocramius/package-versions",
            "version": "1.5.1",
            "source": {
                "type": "git",
                "url": "https://github.com/Ocramius/PackageVersions.git",
                "reference": "1d32342b8c1eb27353c8887c366147b4c2da673c"
            },
            "dist": {
                "type": "zip",
                "url": "https://api.github.com/repos/Ocramius/PackageVersions/zipball/1d32342b8c1eb27353c8887c366147b4c2da673c",
                "reference": "1d32342b8c1eb27353c8887c366147b4c2da673c",
                "shasum": ""
            },
            "require": {
                "composer-plugin-api": "^1.0.0",
                "php": "^7.3.0"
            },
            "require-dev": {
                "composer/composer": "^1.8.6",
                "doctrine/coding-standard": "^6.0.0",
                "ext-zip": "*",
                "infection/infection": "^0.13.4",
                "phpunit/phpunit": "^8.2.5",
                "vimeo/psalm": "^3.4.9"
            },
            "type": "composer-plugin",
            "extra": {
                "class": "PackageVersions\\Installer",
                "branch-alias": {
                    "dev-master": "1.6.x-dev"
                }
            },
            "autoload": {
                "psr-4": {
                    "PackageVersions\\": "src/PackageVersions"
                }
            },
            "notification-url": "https://packagist.org/downloads/",
            "license": [
                "MIT"
            ],
            "authors": [
                {
                    "name": "Marco Pivetta",
                    "email": "ocramius@gmail.com"
                }
            ],
            "description": "Composer plugin that provides efficient querying for installed package versions (no runtime IO)",
            "time": "2019-07-17T15:49:50+00:00"
        },
        {
            "name": "pocketmine/binaryutils",
            "version": "dev-master",
            "source": {
                "type": "git",
                "url": "https://github.com/pmmp/BinaryUtils.git",
                "reference": "f126c8babe63220ca7141ff696761751c19ca756"
            },
            "dist": {
                "type": "zip",
                "url": "https://api.github.com/repos/pmmp/BinaryUtils/zipball/f126c8babe63220ca7141ff696761751c19ca756",
                "reference": "f126c8babe63220ca7141ff696761751c19ca756",
                "shasum": ""
            },
            "require": {
                "php": ">=7.2",
                "php-64bit": "*"
            },
            "require-dev": {
                "phpstan/phpstan": "^0.12.8"
            },
            "type": "library",
            "autoload": {
                "psr-4": {
                    "pocketmine\\utils\\": "src/"
                }
            },
            "notification-url": "https://packagist.org/downloads/",
            "license": [
                "LGPL-3.0"
            ],
            "description": "Classes and methods for conveniently handling binary data",
            "time": "2020-06-17T12:14:53+00:00"
        },
        {
            "name": "pocketmine/callback-validator",
            "version": "1.0.1",
            "source": {
                "type": "git",
                "url": "https://github.com/pmmp/CallbackValidator.git",
                "reference": "4aef6bb25f97d0b830ba0b4f66834b1a9c86fc9a"
            },
            "dist": {
                "type": "zip",
                "url": "https://api.github.com/repos/pmmp/CallbackValidator/zipball/4aef6bb25f97d0b830ba0b4f66834b1a9c86fc9a",
                "reference": "4aef6bb25f97d0b830ba0b4f66834b1a9c86fc9a",
                "shasum": ""
            },
            "require": {
                "ext-reflection": "*",
                "php": ">=7.1"
            },
            "replace": {
                "daverandom/callback-validator": "*"
            },
            "require-dev": {
                "phpunit/phpunit": "^7.5 || ^8.5 || ^9.0"
            },
            "type": "library",
            "autoload": {
                "psr-4": {
                    "DaveRandom\\CallbackValidator\\": "src/"
                }
            },
            "notification-url": "https://packagist.org/downloads/",
            "license": [
                "MIT"
            ],
            "authors": [
                {
                    "name": "Chris Wright",
                    "email": "cw@daverandom.com"
                }
            ],
            "description": "Fork of daverandom/callback-validator - Tools for validating callback signatures",
            "time": "2020-03-17T12:04:22+00:00"
        },
        {
            "name": "pocketmine/classloader",
            "version": "dev-master",
            "source": {
                "type": "git",
                "url": "https://github.com/pmmp/ClassLoader.git",
                "reference": "70ab2a59217c4ebd33a58388ce87c86d770edfc3"
            },
            "dist": {
                "type": "zip",
                "url": "https://api.github.com/repos/pmmp/ClassLoader/zipball/70ab2a59217c4ebd33a58388ce87c86d770edfc3",
                "reference": "70ab2a59217c4ebd33a58388ce87c86d770edfc3",
                "shasum": ""
            },
            "require": {
                "ext-pthreads": "~3.2.0",
                "ext-reflection": "*",
                "php": ">=7.2.0"
            },
            "conflict": {
                "pocketmine/spl": "<0.4"
            },
            "require-dev": {
                "phpstan/phpstan": "^0.12.8"
            },
            "type": "library",
            "autoload": {
                "classmap": [
                    "./src"
                ]
            },
            "notification-url": "https://packagist.org/downloads/",
            "license": [
                "LGPL-3.0"
            ],
            "description": "Ad-hoc autoloading components used by PocketMine-MP",
            "time": "2020-01-31T14:26:22+00:00"
        },
        {
            "name": "pocketmine/color",
            "version": "0.1.0",
            "source": {
                "type": "git",
                "url": "https://github.com/pmmp/Color.git",
                "reference": "10f3453d0eb3eccbccad5cf58a00e42cdaef1772"
            },
            "dist": {
                "type": "zip",
                "url": "https://api.github.com/repos/pmmp/Color/zipball/10f3453d0eb3eccbccad5cf58a00e42cdaef1772",
                "reference": "10f3453d0eb3eccbccad5cf58a00e42cdaef1772",
                "shasum": ""
            },
            "require": {
                "php": "^7.2"
            },
            "require-dev": {
                "phpstan/phpstan": "^0.12.25",
                "phpstan/phpstan-strict-rules": "^0.12.2"
            },
            "type": "library",
            "autoload": {
                "psr-4": {
                    "pocketmine\\color\\": "src/"
                }
            },
            "notification-url": "https://packagist.org/downloads/",
            "license": [
                "LGPL-3.0"
            ],
            "description": "Color handling library used by PocketMine-MP and related projects",
            "time": "2020-05-14T19:15:33+00:00"
        },
        {
            "name": "pocketmine/errorhandler",
            "version": "0.1.0",
            "source": {
                "type": "git",
                "url": "https://github.com/pmmp/ErrorHandler.git",
                "reference": "0503a1929a3934e754114814509ff9152f4908eb"
            },
            "dist": {
                "type": "zip",
                "url": "https://api.github.com/repos/pmmp/ErrorHandler/zipball/0503a1929a3934e754114814509ff9152f4908eb",
                "reference": "0503a1929a3934e754114814509ff9152f4908eb",
                "shasum": ""
            },
            "require": {
                "php": "^7.2"
            },
            "require-dev": {
                "phpstan/phpstan": "^0.12.23",
                "phpstan/phpstan-strict-rules": "^0.12.2"
            },
            "type": "library",
            "autoload": {
                "psr-4": {
                    "pocketmine\\errorhandler\\": "src/"
                }
            },
            "notification-url": "https://packagist.org/downloads/",
            "license": [
                "LGPL-3.0"
            ],
            "description": "Utilities to handle nasty PHP E_* errors in a usable way",
            "time": "2020-05-10T11:45:02+00:00"
        },
        {
            "name": "pocketmine/log",
            "version": "dev-master",
            "source": {
                "type": "git",
                "url": "https://github.com/pmmp/Log.git",
                "reference": "23895dce020076e0217b2fbee50b39f523080b4f"
            },
            "dist": {
                "type": "zip",
                "url": "https://api.github.com/repos/pmmp/Log/zipball/23895dce020076e0217b2fbee50b39f523080b4f",
                "reference": "23895dce020076e0217b2fbee50b39f523080b4f",
                "shasum": ""
            },
            "require": {
                "php": ">=7.2"
            },
            "conflict": {
                "pocketmine/spl": "<0.4"
            },
            "require-dev": {
                "phpstan/phpstan": "^0.12.8",
                "phpstan/phpstan-strict-rules": "^0.12.2"
            },
            "type": "library",
            "autoload": {
                "classmap": [
                    "./src"
                ]
            },
            "notification-url": "https://packagist.org/downloads/",
            "license": [
                "LGPL-3.0"
            ],
            "description": "Logging components used by PocketMine-MP and related projects",
            "time": "2020-03-31T17:06:15+00:00"
        },
        {
            "name": "pocketmine/log-pthreads",
            "version": "dev-master",
            "source": {
                "type": "git",
                "url": "https://github.com/pmmp/LogPthreads.git",
                "reference": "88ea500715908dfc5c99a0bbde8e823bae0534df"
            },
            "dist": {
                "type": "zip",
                "url": "https://api.github.com/repos/pmmp/LogPthreads/zipball/88ea500715908dfc5c99a0bbde8e823bae0534df",
                "reference": "88ea500715908dfc5c99a0bbde8e823bae0534df",
                "shasum": ""
            },
            "require": {
                "ext-pthreads": "~3.2.0",
                "php": ">=7.2",
                "pocketmine/log": "^0.2.0 || dev-master"
            },
            "conflict": {
                "pocketmine/spl": "<0.4"
            },
            "require-dev": {
                "phpstan/phpstan": "^0.12.18"
            },
            "type": "library",
            "autoload": {
                "classmap": [
                    "./src"
                ]
            },
            "notification-url": "https://packagist.org/downloads/",
            "license": [
                "LGPL-3.0"
            ],
            "description": "Logging components specialized for pthreads used by PocketMine-MP and related projects",
            "time": "2020-03-31T18:31:56+00:00"
        },
        {
            "name": "pocketmine/math",
            "version": "dev-master",
            "source": {
                "type": "git",
                "url": "https://github.com/pmmp/Math.git",
                "reference": "a0118ce3026929e11cc05cdf776bb18cdcd1b822"
            },
            "dist": {
                "type": "zip",
                "url": "https://api.github.com/repos/pmmp/Math/zipball/a0118ce3026929e11cc05cdf776bb18cdcd1b822",
                "reference": "a0118ce3026929e11cc05cdf776bb18cdcd1b822",
                "shasum": ""
            },
            "require": {
                "php": ">=7.2.0",
                "php-64bit": "*"
            },
            "require-dev": {
                "irstea/phpunit-shim": "^7.5",
                "phpstan/phpstan": "^0.12.25"
            },
            "type": "library",
            "autoload": {
                "psr-4": {
                    "pocketmine\\math\\": "src/"
                }
            },
            "notification-url": "https://packagist.org/downloads/",
            "license": [
                "LGPL-3.0"
            ],
            "description": "PHP library containing math related code used in PocketMine-MP",
            "time": "2020-06-27T19:45:51+00:00"
        },
        {
            "name": "pocketmine/nbt",
            "version": "dev-master",
            "source": {
                "type": "git",
                "url": "https://github.com/pmmp/NBT.git",
                "reference": "b99216a32b96109db8f43c039c2f705c0ecd730a"
            },
            "dist": {
                "type": "zip",
                "url": "https://api.github.com/repos/pmmp/NBT/zipball/b99216a32b96109db8f43c039c2f705c0ecd730a",
                "reference": "b99216a32b96109db8f43c039c2f705c0ecd730a",
                "shasum": ""
            },
            "require": {
                "php": ">=7.2.0",
                "php-64bit": "*",
                "pocketmine/binaryutils": "dev-master"
            },
            "require-dev": {
                "irstea/phpunit-shim": "^7.5",
                "phpstan/phpstan": "^0.12.11"
            },
            "type": "library",
            "autoload": {
                "psr-4": {
                    "pocketmine\\nbt\\": "src/"
                }
            },
            "notification-url": "https://packagist.org/downloads/",
            "license": [
                "LGPL-3.0"
            ],
            "description": "PHP library for working with Named Binary Tags",
            "time": "2020-06-17T13:22:22+00:00"
        },
        {
            "name": "pocketmine/pocketmine-mp",
            "version": "dev-master",
            "source": {
                "type": "git",
                "url": "https://github.com/pmmp/PocketMine-MP.git",
                "reference": "cbfdfe87cf00c9c9fff831a194b513a654ba5612"
            },
            "dist": {
                "type": "zip",
                "url": "https://api.github.com/repos/pmmp/PocketMine-MP/zipball/cbfdfe87cf00c9c9fff831a194b513a654ba5612",
                "reference": "cbfdfe87cf00c9c9fff831a194b513a654ba5612",
                "shasum": ""
            },
            "require": {
                "adhocore/json-comment": "^0.1.0",
                "ext-bcmath": "*",
                "ext-chunkutils2": "^0.1.0",
                "ext-crypto": "^0.3.1",
                "ext-ctype": "*",
                "ext-curl": "*",
                "ext-date": "*",
                "ext-ds": "^1.2.7",
                "ext-gmp": "*",
                "ext-hash": "*",
                "ext-igbinary": "^3.0.1",
                "ext-json": "*",
                "ext-leveldb": "^0.2.1",
                "ext-mbstring": "*",
                "ext-openssl": "*",
                "ext-pcre": "*",
                "ext-phar": "*",
                "ext-pthreads": "~3.2.0",
                "ext-reflection": "*",
                "ext-sockets": "*",
                "ext-spl": "*",
                "ext-yaml": ">=2.0.0",
                "ext-zip": "*",
                "ext-zlib": ">=1.2.11",
                "mdanter/ecc": "^0.5.0",
                "netresearch/jsonmapper": "^2.0",
                "ocramius/package-versions": "^1.5",
                "php": ">=7.3.0",
                "php-64bit": "*",
                "pocketmine/binaryutils": "dev-master",
                "pocketmine/callback-validator": "^1.0.1",
                "pocketmine/classloader": "dev-master",
                "pocketmine/color": "^0.1.0",
                "pocketmine/errorhandler": "^0.1.0",
                "pocketmine/log": "dev-master",
                "pocketmine/log-pthreads": "dev-master",
                "pocketmine/math": "dev-master",
                "pocketmine/nbt": "dev-master",
                "pocketmine/raklib": "dev-master",
                "pocketmine/snooze": "^0.1.0",
                "pocketmine/spl": "dev-master",
                "pocketmine/uuid": "^0.1.0",
                "respect/validation": "^2.0"
            },
            "require-dev": {
                "phpstan/phpstan": "0.12.29",
                "phpstan/phpstan-phpunit": "^0.12.6",
                "phpstan/phpstan-strict-rules": "^0.12.2",
                "phpunit/phpunit": "^9.2"
            },
            "type": "project",
            "autoload": {
                "psr-4": {
                    "pocketmine\\": "src/"
                },
                "files": [
                    "src/CoreConstants.php",
                    "src/VersionInfo.php"
                ]
            },
            "notification-url": "https://packagist.org/downloads/",
            "license": [
                "LGPL-3.0"
            ],
            "description": "A server software for Minecraft: Pocket Edition written in PHP",
            "homepage": "https://pmmp.io",
            "funding": [
                {
                    "url": "https://github.com/pmmp/PocketMine-MP",
                    "type": "custom"
                },
                {
                    "url": "https://www.patreon.com/pocketminemp",
                    "type": "patreon"
                }
            ],
            "time": "2020-06-28T18:40:10+00:00"
        },
        {
            "name": "pocketmine/raklib",
            "version": "dev-master",
            "source": {
                "type": "git",
                "url": "https://github.com/pmmp/RakLib.git",
                "reference": "31e2b2259404399cac7f50ae4a9bbdfdd8c1035e"
            },
            "dist": {
                "type": "zip",
                "url": "https://api.github.com/repos/pmmp/RakLib/zipball/31e2b2259404399cac7f50ae4a9bbdfdd8c1035e",
                "reference": "31e2b2259404399cac7f50ae4a9bbdfdd8c1035e",
                "shasum": ""
            },
            "require": {
                "ext-sockets": "*",
                "php": ">=7.2.0",
                "php-64bit": "*",
                "php-ipv6": "*",
                "pocketmine/binaryutils": "dev-master",
                "pocketmine/log": "dev-master"
            },
            "require-dev": {
                "phpstan/phpstan": "^0.12.18",
                "phpstan/phpstan-strict-rules": "^0.12.2"
            },
            "type": "library",
            "autoload": {
                "psr-4": {
                    "raklib\\": "src/"
                }
            },
            "notification-url": "https://packagist.org/downloads/",
            "license": [
                "GPL-3.0"
            ],
            "description": "A RakNet server implementation written in PHP",
            "time": "2020-06-17T12:01:42+00:00"
        },
        {
            "name": "pocketmine/snooze",
            "version": "0.1.2",
            "source": {
                "type": "git",
                "url": "https://github.com/pmmp/Snooze.git",
                "reference": "88420da3d9335dbcb3ee2decfd5e5453d057dcdf"
            },
            "dist": {
                "type": "zip",
                "url": "https://api.github.com/repos/pmmp/Snooze/zipball/88420da3d9335dbcb3ee2decfd5e5453d057dcdf",
                "reference": "88420da3d9335dbcb3ee2decfd5e5453d057dcdf",
                "shasum": ""
            },
            "require": {
                "ext-pthreads": ">=3.1.7dev",
                "php-64bit": ">=7.2.0"
            },
            "require-dev": {
                "phpstan/phpstan": "^0.12.8"
            },
            "type": "library",
            "autoload": {
                "psr-4": {
                    "pocketmine\\snooze\\": "src/"
                }
            },
            "notification-url": "https://packagist.org/downloads/",
            "license": [
                "LGPL-3.0"
            ],
            "description": "Thread notification management library for code using the pthreads extension",
            "time": "2020-01-28T19:08:10+00:00"
        },
        {
            "name": "pocketmine/spl",
            "version": "dev-master",
            "source": {
                "type": "git",
                "url": "https://github.com/pmmp/SPL.git",
                "reference": "98589af98ff5662f4f69a76bdbf3129c9e2e3614"
            },
            "dist": {
                "type": "zip",
                "url": "https://api.github.com/repos/pmmp/SPL/zipball/98589af98ff5662f4f69a76bdbf3129c9e2e3614",
                "reference": "98589af98ff5662f4f69a76bdbf3129c9e2e3614",
                "shasum": ""
            },
            "require": {
                "php": ">=7.2"
            },
            "require-dev": {
                "phpstan/phpstan": "^0.12.8"
            },
            "type": "library",
            "autoload": {
                "classmap": [
                    "./src"
                ]
            },
            "notification-url": "https://packagist.org/downloads/",
            "license": [
                "LGPL-3.0"
            ],
            "description": "Standard library files required by PocketMine-MP and related projects",
            "time": "2020-05-10T12:05:24+00:00"
        },
        {
            "name": "pocketmine/uuid",
            "version": "0.1.0",
            "source": {
                "type": "git",
                "url": "https://github.com/pmmp/UUID.git",
                "reference": "c45c995cb87eafee01a14a06a4b7b517cada03a5"
            },
            "dist": {
                "type": "zip",
                "url": "https://api.github.com/repos/pmmp/UUID/zipball/c45c995cb87eafee01a14a06a4b7b517cada03a5",
                "reference": "c45c995cb87eafee01a14a06a4b7b517cada03a5",
                "shasum": ""
            },
            "require": {
                "php": "^7.3",
                "pocketmine/binaryutils": "^0.1 || dev-master"
            },
            "require-dev": {
                "phpstan/phpstan": "^0.12.23",
                "phpstan/phpstan-strict-rules": "^0.12.2"
            },
            "type": "library",
            "autoload": {
                "psr-4": {
                    "pocketmine\\uuid\\": "src/"
                }
            },
            "notification-url": "https://packagist.org/downloads/",
            "license": [
                "LGPL-3.0"
            ],
            "description": "Basic UUID implementation used by PocketMine-MP and related projects",
            "time": "2020-05-10T12:38:41+00:00"
        },
        {
            "name": "respect/stringifier",
            "version": "0.2.0",
            "source": {
                "type": "git",
                "url": "https://github.com/Respect/Stringifier.git",
                "reference": "e55af3c8aeaeaa2abb5fa47a58a8e9688cc23b59"
            },
            "dist": {
                "type": "zip",
                "url": "https://api.github.com/repos/Respect/Stringifier/zipball/e55af3c8aeaeaa2abb5fa47a58a8e9688cc23b59",
                "reference": "e55af3c8aeaeaa2abb5fa47a58a8e9688cc23b59",
                "shasum": ""
            },
            "require": {
                "php": ">=7.1"
            },
            "require-dev": {
                "friendsofphp/php-cs-fixer": "^2.8",
                "malukenho/docheader": "^0.1.7",
                "phpunit/phpunit": "^6.4"
            },
            "type": "library",
            "autoload": {
                "psr-4": {
                    "Respect\\Stringifier\\": "src/"
                },
                "files": [
                    "src/stringify.php"
                ]
            },
            "notification-url": "https://packagist.org/downloads/",
            "license": [
                "MIT"
            ],
            "authors": [
                {
                    "name": "Respect/Stringifier Contributors",
                    "homepage": "https://github.com/Respect/Stringifier/graphs/contributors"
                }
            ],
            "description": "Converts any value to a string",
            "homepage": "http://respect.github.io/Stringifier/",
            "keywords": [
                "respect",
                "stringifier",
                "stringify"
            ],
            "time": "2017-12-29T19:39:25+00:00"
        },
        {
            "name": "respect/validation",
            "version": "2.0.x-dev",
            "source": {
                "type": "git",
                "url": "https://github.com/Respect/Validation.git",
                "reference": "80f236bb900e5bc5e790737a31806f4d10c560ba"
            },
            "dist": {
                "type": "zip",
                "url": "https://api.github.com/repos/Respect/Validation/zipball/80f236bb900e5bc5e790737a31806f4d10c560ba",
                "reference": "80f236bb900e5bc5e790737a31806f4d10c560ba",
                "shasum": ""
            },
            "require": {
                "php": ">=7.2",
                "respect/stringifier": "^0.2.0",
                "symfony/polyfill-mbstring": "^1.2"
            },
            "require-dev": {
                "dealerdirect/phpcodesniffer-composer-installer": "^0.5.0",
                "egulias/email-validator": "^2.1",
                "malukenho/docheader": "^0.1",
                "mikey179/vfsstream": "^1.6",
                "phpstan/phpstan": "^0.11",
                "phpstan/phpstan-deprecation-rules": "^0.11.0",
                "phpstan/phpstan-phpunit": "^0.11.0",
                "phpunit/phpunit": "^7.5",
                "respect/coding-standard": "^1.0",
                "squizlabs/php_codesniffer": "^3.5",
                "symfony/validator": "^3.0||^4.0",
                "zendframework/zend-validator": "^2.1"
            },
            "suggest": {
                "egulias/email-validator": "Strict (RFC compliant) email validation",
                "ext-bcmath": "Arbitrary Precision Mathematics",
                "ext-fileinfo": "File Information",
                "ext-mbstring": "Multibyte String Functions",
                "symfony/validator": "Use Symfony validator through Respect\\Validation",
                "zendframework/zend-validator": "Use Zend Framework validator through Respect\\Validation"
            },
            "type": "library",
            "autoload": {
                "psr-4": {
                    "Respect\\Validation\\": "library/"
                }
            },
            "notification-url": "https://packagist.org/downloads/",
            "license": [
                "MIT"
            ],
            "authors": [
                {
                    "name": "Respect/Validation Contributors",
                    "homepage": "https://github.com/Respect/Validation/graphs/contributors"
                }
            ],
            "description": "The most awesome validation engine ever created for PHP",
            "homepage": "http://respect.github.io/Validation/",
            "keywords": [
                "respect",
                "validation",
                "validator"
            ],
            "time": "2020-06-07T00:14:45+00:00"
        },
        {
            "name": "symfony/polyfill-mbstring",
            "version": "dev-master",
            "source": {
                "type": "git",
                "url": "https://github.com/symfony/polyfill-mbstring.git",
                "reference": "7110338d81ce1cbc3e273136e4574663627037a7"
            },
            "dist": {
                "type": "zip",
                "url": "https://api.github.com/repos/symfony/polyfill-mbstring/zipball/7110338d81ce1cbc3e273136e4574663627037a7",
                "reference": "7110338d81ce1cbc3e273136e4574663627037a7",
                "shasum": ""
            },
            "require": {
                "php": ">=5.3.3"
            },
            "suggest": {
                "ext-mbstring": "For best performance"
            },
            "type": "library",
            "extra": {
                "branch-alias": {
                    "dev-master": "1.17-dev"
                },
                "thanks": {
                    "name": "symfony/polyfill",
                    "url": "https://github.com/symfony/polyfill"
                }
            },
            "autoload": {
                "psr-4": {
                    "Symfony\\Polyfill\\Mbstring\\": ""
                },
                "files": [
                    "bootstrap.php"
                ]
            },
            "notification-url": "https://packagist.org/downloads/",
            "license": [
                "MIT"
            ],
            "authors": [
                {
                    "name": "Nicolas Grekas",
                    "email": "p@tchwork.com"
                },
                {
                    "name": "Symfony Community",
                    "homepage": "https://symfony.com/contributors"
                }
            ],
            "description": "Symfony polyfill for the Mbstring extension",
            "homepage": "https://symfony.com",
            "keywords": [
                "compatibility",
                "mbstring",
                "polyfill",
                "portable",
                "shim"
            ],
            "funding": [
                {
                    "url": "https://symfony.com/sponsor",
                    "type": "custom"
                },
                {
                    "url": "https://github.com/fabpot",
                    "type": "github"
                },
                {
                    "url": "https://tidelift.com/funding/github/packagist/symfony/symfony",
                    "type": "tidelift"
                }
            ],
            "time": "2020-06-06T08:46:27+00:00"
        }
    ],
    "packages-dev": [
        {
            "name": "phpstan/phpstan",
            "version": "dev-master",
            "source": {
                "type": "git",
                "url": "https://github.com/phpstan/phpstan.git",
                "reference": "a91dd4b02b83682832223d1744defe0fec2ca9c3"
            },
            "dist": {
                "type": "zip",
                "url": "https://api.github.com/repos/phpstan/phpstan/zipball/a91dd4b02b83682832223d1744defe0fec2ca9c3",
                "reference": "a91dd4b02b83682832223d1744defe0fec2ca9c3",
                "shasum": ""
            },
            "require": {
                "php": "^7.1"
            },
            "conflict": {
                "phpstan/phpstan-shim": "*"
            },
            "bin": [
                "phpstan",
                "phpstan.phar"
            ],
            "type": "library",
            "extra": {
                "branch-alias": {
                    "dev-master": "0.12-dev"
                }
            },
            "autoload": {
                "files": [
                    "bootstrap.php"
                ]
            },
            "notification-url": "https://packagist.org/downloads/",
            "license": [
                "MIT"
            ],
            "description": "PHPStan - PHP Static Analysis Tool",
            "funding": [
                {
                    "url": "https://github.com/ondrejmirtes",
                    "type": "github"
                },
                {
                    "url": "https://www.patreon.com/phpstan",
                    "type": "patreon"
                },
                {
                    "url": "https://tidelift.com/funding/github/packagist/phpstan/phpstan",
                    "type": "tidelift"
                }
            ],
            "time": "2020-06-26T07:09:50+00:00"
        },
        {
            "name": "phpstan/phpstan-strict-rules",
            "version": "dev-master",
            "source": {
                "type": "git",
                "url": "https://github.com/phpstan/phpstan-strict-rules.git",
                "reference": "82c19b17b7b3913159da6bbdb46230533ffe0613"
            },
            "dist": {
                "type": "zip",
                "url": "https://api.github.com/repos/phpstan/phpstan-strict-rules/zipball/82c19b17b7b3913159da6bbdb46230533ffe0613",
                "reference": "82c19b17b7b3913159da6bbdb46230533ffe0613",
                "shasum": ""
            },
            "require": {
                "php": "~7.1",
                "phpstan/phpstan": "^0.12.6"
            },
            "require-dev": {
                "consistence/coding-standard": "^3.0.1",
                "dealerdirect/phpcodesniffer-composer-installer": "^0.4.4",
                "ergebnis/composer-normalize": "^2.0.2",
                "jakub-onderka/php-parallel-lint": "^1.0",
                "phing/phing": "^2.16.0",
                "phpstan/phpstan-phpunit": "^0.12",
                "phpunit/phpunit": "^7.0",
                "slevomat/coding-standard": "^4.5.2"
            },
            "type": "phpstan-extension",
            "extra": {
                "branch-alias": {
                    "dev-master": "0.12-dev"
                },
                "phpstan": {
                    "includes": [
                        "rules.neon"
                    ]
                }
            },
            "autoload": {
                "psr-4": {
                    "PHPStan\\": "src/"
                }
            },
            "notification-url": "https://packagist.org/downloads/",
            "license": [
                "MIT"
            ],
            "description": "Extra strict and opinionated rules for PHPStan",
            "time": "2020-06-16T20:41:33+00:00"
        }
    ],
    "aliases": [],
    "minimum-stability": "dev",
    "stability-flags": {
        "pocketmine/pocketmine-mp": 20
    },
    "prefer-stable": false,
    "prefer-lowest": false,
    "platform": [],
    "platform-dev": [],
    "plugin-api-version": "1.1.0"
}
